
Microsoft Visual Studio Solution File, Format Version 12.00
# Visual Studio Version 16
VisualStudioVersion = 16.0.31229.75
MinimumVisualStudioVersion = 10.0.40219.1
Project("{8BC9CEB8-8B4A-11D0-8D11-00A0C91BC942}") = "MysqlTest", "MysqlTest\MysqlTest.vcxproj", "{FD642CA2-11A3-4539-8D0D-F23B79F2E139}"
EndProject
Project("{8BC9CEB8-8B4A-11D0-8D11-00A0C91BC942}") = "InventoryManager", "InventoryManager\InventoryManager.vcxproj", "{2836D7EF-DDAB-4D5D-A6B1-AC4A2CBBE1FB}"
EndProject
Project("{FAE04EC0-301F-11D3-BF4B-00C04F79EFBC}") = "IM", "IM\IM.csproj", "{10649FE9-A332-43EA-9F65-F28DD70DC4B6}"
EndProject
Global
	GlobalSection(SolutionConfigurationPlatforms) = preSolution
		Debug|ARM = Debug|ARM
		Debug|ARM64 = Debug|ARM64
		Debug|x64 = Debug|x64
		Debug|x86 = Debug|x86
		Release|ARM = Release|ARM
		Release|ARM64 = Release|ARM64
		Release|x64 = Release|x64
		Release|x86 = Release|x86
	EndGlobalSection
	GlobalSection(ProjectConfigurationPlatforms) = postSolution
		{FD642CA2-11A3-4539-8D0D-F23B79F2E139}.Debug|ARM.ActiveCfg = Debug|Win32
		{FD642CA2-11A3-4539-8D0D-F23B79F2E139}.Debug|ARM64.ActiveCfg = Debug|Win32
		{FD642CA2-11A3-4539-8D0D-F23B79F2E139}.Debug|x64.ActiveCfg = Debug|x64
		{FD642CA2-11A3-4539-8D0D-F23B79F2E139}.Debug|x64.Build.0 = Debug|x64
		{FD642CA2-11A3-4539-8D0D-F23B79F2E139}.Debug|x86.ActiveCfg = Debug|Win32
		{FD642CA2-11A3-4539-8D0D-F23B79F2E139}.Debug|x86.Build.0 = Debug|Win32
		{FD642CA2-11A3-4539-8D0D-F23B79F2E139}.Release|ARM.ActiveCfg = Release|Win32
		{FD642CA2-11A3-4539-8D0D-F23B79F2E139}.Release|ARM64.ActiveCfg = Release|Win32
		{FD642CA2-11A3-4539-8D0D-F23B79F2E139}.Release|x64.ActiveCfg = Release|x64
		{FD642CA2-11A3-4539-8D0D-F23B79F2E139}.Release|x64.Build.0 = Release|x64
		{FD642CA2-11A3-4539-8D0D-F23B79F2E139}.Release|x86.ActiveCfg = Release|Win32
		{FD642CA2-11A3-4539-8D0D-F23B79F2E139}.Release|x86.Build.0 = Release|Win32
		{2836D7EF-DDAB-4D5D-A6B1-AC4A2CBBE1FB}.Debug|ARM.ActiveCfg = Debug|Win32
		{2836D7EF-DDAB-4D5D-A6B1-AC4A2CBBE1FB}.Debug|ARM64.ActiveCfg = Debug|Win32
		{2836D7EF-DDAB-4D5D-A6B1-AC4A2CBBE1FB}.Debug|x64.ActiveCfg = Debug|x64
		{2836D7EF-DDAB-4D5D-A6B1-AC4A2CBBE1FB}.Debug|x64.Build.0 = Debug|x64
		{2836D7EF-DDAB-4D5D-A6B1-AC4A2CBBE1FB}.Debug|x86.ActiveCfg = Debug|Win32
		{2836D7EF-DDAB-4D5D-A6B1-AC4A2CBBE1FB}.Debug|x86.Build.0 = Debug|Win32
		{2836D7EF-DDAB-4D5D-A6B1-AC4A2CBBE1FB}.Release|ARM.ActiveCfg = Release|Win32
		{2836D7EF-DDAB-4D5D-A6B1-AC4A2CBBE1FB}.Release|ARM64.ActiveCfg = Release|Win32
		{2836D7EF-DDAB-4D5D-A6B1-AC4A2CBBE1FB}.Release|x64.ActiveCfg = Release|x64
		{2836D7EF-DDAB-4D5D-A6B1-AC4A2CBBE1FB}.Release|x64.Build.0 = Release|x64
		{2836D7EF-DDAB-4D5D-A6B1-AC4A2CBBE1FB}.Release|x86.ActiveCfg = Release|Win32
		{2836D7EF-DDAB-4D5D-A6B1-AC4A2CBBE1FB}.Release|x86.Build.0 = Release|Win32
		{10649FE9-A332-43EA-9F65-F28DD70DC4B6}.Debug|ARM.ActiveCfg = Debug|ARM
		{10649FE9-A332-43EA-9F65-F28DD70DC4B6}.Debug|ARM.Build.0 = Debug|ARM
		{10649FE9-A332-43EA-9F65-F28DD70DC4B6}.Debug|ARM.Deploy.0 = Debug|ARM
		{10649FE9-A332-43EA-9F65-F28DD70DC4B6}.Debug|ARM64.ActiveCfg = Debug|ARM64
		{10649FE9-A332-43EA-9F65-F28DD70DC4B6}.Debug|ARM64.Build.0 = Debug|ARM64
		{10649FE9-A332-43EA-9F65-F28DD70DC4B6}.Debug|ARM64.Deploy.0 = Debug|ARM64
		{10649FE9-A332-43EA-9F65-F28DD70DC4B6}.Debug|x64.ActiveCfg = Debug|x64
		{10649FE9-A332-43EA-9F65-F28DD70DC4B6}.Debug|x64.Build.0 = Debug|x64
		{10649FE9-A332-43EA-9F65-F28DD70DC4B6}.Debug|x64.Deploy.0 = Debug|x64
		{10649FE9-A332-43EA-9F65-F28DD70DC4B6}.Debug|x86.ActiveCfg = Debug|x86
		{10649FE9-A332-43EA-9F65-F28DD70DC4B6}.Debug|x86.Build.0 = Debug|x86
		{10649FE9-A332-43EA-9F65-F28DD70DC4B6}.Debug|x86.Deploy.0 = Debug|x86
		{10649FE9-A332-43EA-9F65-F28DD70DC4B6}.Release|ARM.ActiveCfg = Release|ARM
		{10649FE9-A332-43EA-9F65-F28DD70DC4B6}.Release|ARM.Build.0 = Release|ARM
		{10649FE9-A332-43EA-9F65-F28DD70DC4B6}.Release|ARM.Deploy.0 = Release|ARM
		{10649FE9-A332-43EA-9F65-F28DD70DC4B6}.Release|ARM64.ActiveCfg = Release|ARM64
		{10649FE9-A332-43EA-9F65-F28DD70DC4B6}.Release|ARM64.Build.0 = Release|ARM64
		{10649FE9-A332-43EA-9F65-F28DD70DC4B6}.Release|ARM64.Deploy.0 = Release|ARM64
		{10649FE9-A332-43EA-9F65-F28DD70DC4B6}.Release|x64.ActiveCfg = Release|x64
		{10649FE9-A332-43EA-9F65-F28DD70DC4B6}.Release|x64.Build.0 = Release|x64
		{10649FE9-A332-43EA-9F65-F28DD70DC4B6}.Release|x64.Deploy.0 = Release|x64
		{10649FE9-A332-43EA-9F65-F28DD70DC4B6}.Release|x86.ActiveCfg = Release|x86
		{10649FE9-A332-43EA-9F65-F28DD70DC4B6}.Release|x86.Build.0 = Release|x86
		{10649FE9-A332-43EA-9F65-F28DD70DC4B6}.Release|x86.Deploy.0 = Release|x86
	EndGlobalSection
	GlobalSection(SolutionProperties) = preSolution
		HideSolutionNode = FALSE
	EndGlobalSection
	GlobalSection(ExtensibilityGlobals) = postSolution
		SolutionGuid = {CC5837A4-0B63-407B-B9C9-0DAF8BF8DCFC}
	EndGlobalSection
EndGlobal
